
Microsoft Visual Studio Solution File, Format Version 11.00
# Visual Studio 2010
Project("{FAE04EC0-301F-11D3-BF4B-00C04F79EFBC}") = "Practice Game 2", "Assembly-CSharp.csproj", "{62494B10-F76E-1572-95CD-5CAAE7C7137F}"
EndProject
Project("{FAE04EC0-301F-11D3-BF4B-00C04F79EFBC}") = "Practice Game 2", "Assembly-CSharp-Editor.csproj", "{69979F46-2887-8C03-F193-5FCC66C1FC00}"
EndProject
Global
	GlobalSection(SolutionConfigurationPlatforms) = preSolution
		Debug|Any CPU = Debug|Any CPU
		Release|Any CPU = Release|Any CPU
	EndGlobalSection
	GlobalSection(ProjectConfigurationPlatforms) = postSolution
		{62494B10-F76E-1572-95CD-5CAAE7C7137F}.Debug|Any CPU.ActiveCfg = Debug|Any CPU
		{62494B10-F76E-1572-95CD-5CAAE7C7137F}.Debug|Any CPU.Build.0 = Debug|Any CPU
		{62494B10-F76E-1572-95CD-5CAAE7C7137F}.Release|Any CPU.ActiveCfg = Release|Any CPU
		{62494B10-F76E-1572-95CD-5CAAE7C7137F}.Release|Any CPU.Build.0 = Release|Any CPU
		{69979F46-2887-8C03-F193-5FCC66C1FC00}.Debug|Any CPU.ActiveCfg = Debug|Any CPU
		{69979F46-2887-8C03-F193-5FCC66C1FC00}.Debug|Any CPU.Build.0 = Debug|Any CPU
		{69979F46-2887-8C03-F193-5FCC66C1FC00}.Release|Any CPU.ActiveCfg = Release|Any CPU
		{69979F46-2887-8C03-F193-5FCC66C1FC00}.Release|Any CPU.Build.0 = Release|Any CPU
	EndGlobalSection
	GlobalSection(SolutionProperties) = preSolution
		HideSolutionNode = FALSE
	EndGlobalSection
	GlobalSection(MonoDevelopProperties) = preSolution
		StartupItem = Assembly-CSharp.csproj
	EndGlobalSection
EndGlobal
